
Microsoft Visual Studio Solution File, Format Version 12.00
# Visual Studio Version 17
VisualStudioVersion = 17.8.34316.72
MinimumVisualStudioVersion = 10.0.40219.1
Project("{8BC9CEB8-8B4A-11D0-8D11-00A0C91BC942}") = "DriveAndAvoid", "DriveAndAvoid\DriveAndAvoid.vcxproj", "{AF4D0697-9307-4396-B765-157A5CD7BE51}"
EndProject
Global
	GlobalSection(SolutionConfigurationPlatforms) = preSolution
		Debug|x64 = Debug|x64
		Debug|x86 = Debug|x86
		Release|x64 = Release|x64
		Release|x86 = Release|x86
	EndGlobalSection
	GlobalSection(ProjectConfigurationPlatforms) = postSolution
		{AF4D0697-9307-4396-B765-157A5CD7BE51}.Debug|x64.ActiveCfg = Debug|x64
		{AF4D0697-9307-4396-B765-157A5CD7BE51}.Debug|x64.Build.0 = Debug|x64
		{AF4D0697-9307-4396-B765-157A5CD7BE51}.Debug|x86.ActiveCfg = Debug|Win32
		{AF4D0697-9307-4396-B765-157A5CD7BE51}.Debug|x86.Build.0 = Debug|Win32
		{AF4D0697-9307-4396-B765-157A5CD7BE51}.Release|x64.ActiveCfg = Release|x64
		{AF4D0697-9307-4396-B765-157A5CD7BE51}.Release|x64.Build.0 = Release|x64
		{AF4D0697-9307-4396-B765-157A5CD7BE51}.Release|x86.ActiveCfg = Release|Win32
		{AF4D0697-9307-4396-B765-157A5CD7BE51}.Release|x86.Build.0 = Release|Win32
	EndGlobalSection
	GlobalSection(SolutionProperties) = preSolution
		HideSolutionNode = FALSE
	EndGlobalSection
	GlobalSection(ExtensibilityGlobals) = postSolution
		SolutionGuid = {88A3A713-46F7-4EEC-AE77-679BD038A1AB}
	EndGlobalSection
EndGlobal
